
Microsoft Visual Studio Solution File, Format Version 12.00
# Visual Studio Version 16
VisualStudioVersion = 16.0.30204.135
MinimumVisualStudioVersion = 10.0.40219.1
Project("{FAE04EC0-301F-11D3-BF4B-00C04F79EFBC}") = "Pseries.Power.Meter", "Pseries.Power.Meter\Pseries.Power.Meter.csproj", "{A07D2880-11F5-4AE9-80BD-4CD438357265}"
EndProject
Global
	GlobalSection(SolutionConfigurationPlatforms) = preSolution
		Debug|Any CPU = Debug|Any CPU
		Release|Any CPU = Release|Any CPU
	EndGlobalSection
	GlobalSection(ProjectConfigurationPlatforms) = postSolution
		{A07D2880-11F5-4AE9-80BD-4CD438357265}.Debug|Any CPU.ActiveCfg = Debug|Any CPU
		{A07D2880-11F5-4AE9-80BD-4CD438357265}.Debug|Any CPU.Build.0 = Debug|Any CPU
		{A07D2880-11F5-4AE9-80BD-4CD438357265}.Release|Any CPU.ActiveCfg = Release|Any CPU
		{A07D2880-11F5-4AE9-80BD-4CD438357265}.Release|Any CPU.Build.0 = Release|Any CPU
	EndGlobalSection
	GlobalSection(SolutionProperties) = preSolution
		HideSolutionNode = FALSE
	EndGlobalSection
	GlobalSection(ExtensibilityGlobals) = postSolution
		SolutionGuid = {377BF0A1-3473-4104-B7C7-39FCC7D868A1}
	EndGlobalSection
EndGlobal
